
Microsoft Visual Studio Solution File, Format Version 12.00
# Visual Studio Version 16
VisualStudioVersion = 16.0.30225.117
MinimumVisualStudioVersion = 10.0.40219.1
Project("{FAE04EC0-301F-11D3-BF4B-00C04F79EFBC}") = "DTD.Evaluate.WPFApp", "DTD.Evaluate.WPFApp\DTD.Evaluate.WPFApp.csproj", "{60860400-7BED-4874-AC74-ED040FBD627E}"
EndProject
Global
	GlobalSection(SolutionConfigurationPlatforms) = preSolution
		Debug|Any CPU = Debug|Any CPU
		Release|Any CPU = Release|Any CPU
	EndGlobalSection
	GlobalSection(ProjectConfigurationPlatforms) = postSolution
		{60860400-7BED-4874-AC74-ED040FBD627E}.Debug|Any CPU.ActiveCfg = Debug|Any CPU
		{60860400-7BED-4874-AC74-ED040FBD627E}.Debug|Any CPU.Build.0 = Debug|Any CPU
		{60860400-7BED-4874-AC74-ED040FBD627E}.Release|Any CPU.ActiveCfg = Release|Any CPU
		{60860400-7BED-4874-AC74-ED040FBD627E}.Release|Any CPU.Build.0 = Release|Any CPU
	EndGlobalSection
	GlobalSection(SolutionProperties) = preSolution
		HideSolutionNode = FALSE
	EndGlobalSection
	GlobalSection(ExtensibilityGlobals) = postSolution
		SolutionGuid = {3B25B624-2A58-4446-BF3D-0222144A54C9}
	EndGlobalSection
EndGlobal
